
Microsoft Visual Studio Solution File, Format Version 12.00
# Visual Studio Version 17
VisualStudioVersion = 17.3.32929.385
MinimumVisualStudioVersion = 10.0.40219.1
Project("{FAE04EC0-301F-11D3-BF4B-00C04F79EFBC}") = "Leet Code", "Leet Code.csproj", "{951196CF-BFB8-4CFA-8B4E-FCF42D3759AE}"
EndProject
Global
	GlobalSection(SolutionConfigurationPlatforms) = preSolution
		Debug|Any CPU = Debug|Any CPU
		Release|Any CPU = Release|Any CPU
	EndGlobalSection
	GlobalSection(ProjectConfigurationPlatforms) = postSolution
		{951196CF-BFB8-4CFA-8B4E-FCF42D3759AE}.Debug|Any CPU.ActiveCfg = Debug|Any CPU
		{951196CF-BFB8-4CFA-8B4E-FCF42D3759AE}.Debug|Any CPU.Build.0 = Debug|Any CPU
		{951196CF-BFB8-4CFA-8B4E-FCF42D3759AE}.Release|Any CPU.ActiveCfg = Release|Any CPU
		{951196CF-BFB8-4CFA-8B4E-FCF42D3759AE}.Release|Any CPU.Build.0 = Release|Any CPU
	EndGlobalSection
	GlobalSection(SolutionProperties) = preSolution
		HideSolutionNode = FALSE
	EndGlobalSection
	GlobalSection(ExtensibilityGlobals) = postSolution
		SolutionGuid = {1CB561EB-1FE6-4667-A154-DA5765684FF1}
	EndGlobalSection
EndGlobal
